
Microsoft Visual Studio Solution File, Format Version 12.00
# Visual Studio 15
VisualStudioVersion = 15.0.27428.2043
MinimumVisualStudioVersion = 10.0.40219.1
Project("{FAE04EC0-301F-11D3-BF4B-00C04F79EFBC}") = "MiniCRM", "MiniCRM\MiniCRM.csproj", "{B8318536-9354-46AA-972C-AFD905E9FA88}"
EndProject
Global
	GlobalSection(SolutionConfigurationPlatforms) = preSolution
		Debug|Any CPU = Debug|Any CPU
		Release|Any CPU = Release|Any CPU
	EndGlobalSection
	GlobalSection(ProjectConfigurationPlatforms) = postSolution
		{B8318536-9354-46AA-972C-AFD905E9FA88}.Debug|Any CPU.ActiveCfg = Debug|Any CPU
		{B8318536-9354-46AA-972C-AFD905E9FA88}.Debug|Any CPU.Build.0 = Debug|Any CPU
		{B8318536-9354-46AA-972C-AFD905E9FA88}.Release|Any CPU.ActiveCfg = Release|Any CPU
		{B8318536-9354-46AA-972C-AFD905E9FA88}.Release|Any CPU.Build.0 = Release|Any CPU
	EndGlobalSection
	GlobalSection(SolutionProperties) = preSolution
		HideSolutionNode = FALSE
	EndGlobalSection
	GlobalSection(ExtensibilityGlobals) = postSolution
		SolutionGuid = {C18EC6F9-4BA3-4FD7-942F-C1E3583E4B48}
	EndGlobalSection
EndGlobal
